# This file is automatically @generated by Cargo.
# It is not intended for manual editing.
version = 4

[[package]]
name = "platform-linux"
version = "0.1.0"
dependencies = [
 "vietime-engine",
]

[[package]]
name = "platform-macos"
version = "0.1.0"
dependencies = [
 "vietime-engine",
]

[[package]]
name = "platform-win"
version = "0.1.0"
dependencies = [
 "vietime-engine",
]

[[package]]
name = "ui-candidate"
version = "0.1.0"
dependencies = [
 "vietime-engine",
]

[[package]]
name = "ui-settings"
version = "0.1.0"
dependencies = [
 "vietime-engine",
]

[[package]]
name = "ui-tray"
version = "0.1.0"
dependencies = [
 "vietime-engine",
]

[[package]]
name = "vietime-engine"
version = "0.1.0"
